// !$*UTF8*$!
{
	archiveVersion = 1;
	classes = {
	};
	objectVersion = 52;
	objects = {

/* Begin PBXBuildFile section */
		B044676E2656543A00DAD616 /* AppDelegate.swift in Sources */ = {isa = PBXBuildFile; fileRef = B044676D2656543A00DAD616 /* AppDelegate.swift */; };
		B04467702656543A00DAD616 /* SceneDelegate.swift in Sources */ = {isa = PBXBuildFile; fileRef = B044676F2656543A00DAD616 /* SceneDelegate.swift */; };
		B04467722656543A00DAD616 /* ViewController.swift in Sources */ = {isa = PBXBuildFile; fileRef = B04467712656543A00DAD616 /* ViewController.swift */; };
		B04467752656543A00DAD616 /* Main.storyboard in Resources */ = {isa = PBXBuildFile; fileRef = B04467732656543A00DAD616 /* Main.storyboard */; };
		B04467772656543D00DAD616 /* Assets.xcassets in Resources */ = {isa = PBXBuildFile; fileRef = B04467762656543D00DAD616 /* Assets.xcassets */; };
		B044677A2656543D00DAD616 /* LaunchScreen.storyboard in Resources */ = {isa = PBXBuildFile; fileRef = B04467782656543D00DAD616 /* LaunchScreen.storyboard */; };
		B04467852656543D00DAD616 /* airbnbAppTests.swift in Sources */ = {isa = PBXBuildFile; fileRef = B04467842656543D00DAD616 /* airbnbAppTests.swift */; };
		B04467902656543D00DAD616 /* airbnbAppUITests.swift in Sources */ = {isa = PBXBuildFile; fileRef = B044678F2656543D00DAD616 /* airbnbAppUITests.swift */; };
		B04467A22656577900DAD616 /* Alamofire in Frameworks */ = {isa = PBXBuildFile; productRef = B04467A12656577900DAD616 /* Alamofire */; };
		B04467D12657A9E400DAD616 /* EndPoint.swift in Sources */ = {isa = PBXBuildFile; fileRef = B04467D02657A9E400DAD616 /* EndPoint.swift */; };
		B04467D92657AA0800DAD616 /* APIPath.swift in Sources */ = {isa = PBXBuildFile; fileRef = B04467D82657AA0800DAD616 /* APIPath.swift */; };
		B04467F32657B19300DAD616 /* networkTest.swift in Sources */ = {isa = PBXBuildFile; fileRef = B04467F22657B19300DAD616 /* networkTest.swift */; };
		B0446815265B77A100DAD616 /* RxSwift in Frameworks */ = {isa = PBXBuildFile; productRef = B0446814265B77A100DAD616 /* RxSwift */; };
		B0446819265B77A100DAD616 /* RxRelay in Frameworks */ = {isa = PBXBuildFile; productRef = B0446818265B77A100DAD616 /* RxRelay */; };
		B044681B265B77A100DAD616 /* RxCocoa in Frameworks */ = {isa = PBXBuildFile; productRef = B044681A265B77A100DAD616 /* RxCocoa */; };
		B0446825265B7C8B00DAD616 /* MainViewSource.swift in Sources */ = {isa = PBXBuildFile; fileRef = B0446824265B7C8B00DAD616 /* MainViewSource.swift */; };
		B044682F265B7D9D00DAD616 /* ReservationConditions.swift in Sources */ = {isa = PBXBuildFile; fileRef = B044682E265B7D9D00DAD616 /* ReservationConditions.swift */; };
		B0446834265B7EC500DAD616 /* RoomInfo.swift in Sources */ = {isa = PBXBuildFile; fileRef = B0446833265B7EC500DAD616 /* RoomInfo.swift */; };
		B0446839265B80BC00DAD616 /* dummy.swift in Sources */ = {isa = PBXBuildFile; fileRef = B0446838265B80BC00DAD616 /* dummy.swift */; };
		B044683E265CCADF00DAD616 /* NetworkRequester.swift in Sources */ = {isa = PBXBuildFile; fileRef = B044683D265CCADE00DAD616 /* NetworkRequester.swift */; };
		B0446846265CDE0000DAD616 /* NetworkService.swift in Sources */ = {isa = PBXBuildFile; fileRef = B0446845265CDE0000DAD616 /* NetworkService.swift */; };
/* End PBXBuildFile section */

/* Begin PBXContainerItemProxy section */
		B04467812656543D00DAD616 /* PBXContainerItemProxy */ = {
			isa = PBXContainerItemProxy;
			containerPortal = B04467622656543A00DAD616 /* Project object */;
			proxyType = 1;
			remoteGlobalIDString = B04467692656543A00DAD616;
			remoteInfo = airbnbApp;
		};
		B044678C2656543D00DAD616 /* PBXContainerItemProxy */ = {
			isa = PBXContainerItemProxy;
			containerPortal = B04467622656543A00DAD616 /* Project object */;
			proxyType = 1;
			remoteGlobalIDString = B04467692656543A00DAD616;
			remoteInfo = airbnbApp;
		};
/* End PBXContainerItemProxy section */

/* Begin PBXFileReference section */
		B044676A2656543A00DAD616 /* airbnbApp.app */ = {isa = PBXFileReference; explicitFileType = wrapper.application; includeInIndex = 0; path = airbnbApp.app; sourceTree = BUILT_PRODUCTS_DIR; };
		B044676D2656543A00DAD616 /* AppDelegate.swift */ = {isa = PBXFileReference; lastKnownFileType = sourcecode.swift; path = AppDelegate.swift; sourceTree = "<group>"; };
		B044676F2656543A00DAD616 /* SceneDelegate.swift */ = {isa = PBXFileReference; lastKnownFileType = sourcecode.swift; path = SceneDelegate.swift; sourceTree = "<group>"; };
		B04467712656543A00DAD616 /* ViewController.swift */ = {isa = PBXFileReference; lastKnownFileType = sourcecode.swift; path = ViewController.swift; sourceTree = "<group>"; };
		B04467742656543A00DAD616 /* Base */ = {isa = PBXFileReference; lastKnownFileType = file.storyboard; name = Base; path = Base.lproj/Main.storyboard; sourceTree = "<group>"; };
		B04467762656543D00DAD616 /* Assets.xcassets */ = {isa = PBXFileReference; lastKnownFileType = folder.assetcatalog; path = Assets.xcassets; sourceTree = "<group>"; };
		B04467792656543D00DAD616 /* Base */ = {isa = PBXFileReference; lastKnownFileType = file.storyboard; name = Base; path = Base.lproj/LaunchScreen.storyboard; sourceTree = "<group>"; };
		B044677B2656543D00DAD616 /* Info.plist */ = {isa = PBXFileReference; lastKnownFileType = text.plist.xml; path = Info.plist; sourceTree = "<group>"; };
		B04467802656543D00DAD616 /* airbnbAppTests.xctest */ = {isa = PBXFileReference; explicitFileType = wrapper.cfbundle; includeInIndex = 0; path = airbnbAppTests.xctest; sourceTree = BUILT_PRODUCTS_DIR; };
		B04467842656543D00DAD616 /* airbnbAppTests.swift */ = {isa = PBXFileReference; lastKnownFileType = sourcecode.swift; path = airbnbAppTests.swift; sourceTree = "<group>"; };
		B04467862656543D00DAD616 /* Info.plist */ = {isa = PBXFileReference; lastKnownFileType = text.plist.xml; path = Info.plist; sourceTree = "<group>"; };
		B044678B2656543D00DAD616 /* airbnbAppUITests.xctest */ = {isa = PBXFileReference; explicitFileType = wrapper.cfbundle; includeInIndex = 0; path = airbnbAppUITests.xctest; sourceTree = BUILT_PRODUCTS_DIR; };
		B044678F2656543D00DAD616 /* airbnbAppUITests.swift */ = {isa = PBXFileReference; lastKnownFileType = sourcecode.swift; path = airbnbAppUITests.swift; sourceTree = "<group>"; };
		B04467912656543D00DAD616 /* Info.plist */ = {isa = PBXFileReference; lastKnownFileType = text.plist.xml; path = Info.plist; sourceTree = "<group>"; };
		B04467D02657A9E400DAD616 /* EndPoint.swift */ = {isa = PBXFileReference; lastKnownFileType = sourcecode.swift; path = EndPoint.swift; sourceTree = "<group>"; };
		B04467D82657AA0800DAD616 /* APIPath.swift */ = {isa = PBXFileReference; lastKnownFileType = sourcecode.swift; path = APIPath.swift; sourceTree = "<group>"; };
		B04467F22657B19300DAD616 /* networkTest.swift */ = {isa = PBXFileReference; lastKnownFileType = sourcecode.swift; path = networkTest.swift; sourceTree = "<group>"; };
		B0446824265B7C8B00DAD616 /* MainViewSource.swift */ = {isa = PBXFileReference; lastKnownFileType = sourcecode.swift; path = MainViewSource.swift; sourceTree = "<group>"; };
		B044682E265B7D9D00DAD616 /* ReservationConditions.swift */ = {isa = PBXFileReference; lastKnownFileType = sourcecode.swift; path = ReservationConditions.swift; sourceTree = "<group>"; };
		B0446833265B7EC500DAD616 /* RoomInfo.swift */ = {isa = PBXFileReference; lastKnownFileType = sourcecode.swift; path = RoomInfo.swift; sourceTree = "<group>"; };
		B0446838265B80BC00DAD616 /* dummy.swift */ = {isa = PBXFileReference; lastKnownFileType = sourcecode.swift; path = dummy.swift; sourceTree = "<group>"; };
		B044683D265CCADE00DAD616 /* NetworkRequester.swift */ = {isa = PBXFileReference; lastKnownFileType = sourcecode.swift; path = NetworkRequester.swift; sourceTree = "<group>"; };
		B0446845265CDE0000DAD616 /* NetworkService.swift */ = {isa = PBXFileReference; lastKnownFileType = sourcecode.swift; path = NetworkService.swift; sourceTree = "<group>"; };
/* End PBXFileReference section */

/* Begin PBXFrameworksBuildPhase section */
		B04467672656543A00DAD616 /* Frameworks */ = {
			isa = PBXFrameworksBuildPhase;
			buildActionMask = 2147483647;
			files = (
				B0446815265B77A100DAD616 /* RxSwift in Frameworks */,
				B044681B265B77A100DAD616 /* RxCocoa in Frameworks */,
				B0446819265B77A100DAD616 /* RxRelay in Frameworks */,
				B04467A22656577900DAD616 /* Alamofire in Frameworks */,
			);
			runOnlyForDeploymentPostprocessing = 0;
		};
		B044677D2656543D00DAD616 /* Frameworks */ = {
			isa = PBXFrameworksBuildPhase;
			buildActionMask = 2147483647;
			files = (
			);
			runOnlyForDeploymentPostprocessing = 0;
		};
		B04467882656543D00DAD616 /* Frameworks */ = {
			isa = PBXFrameworksBuildPhase;
			buildActionMask = 2147483647;
			files = (
			);
			runOnlyForDeploymentPostprocessing = 0;
		};
/* End PBXFrameworksBuildPhase section */

/* Begin PBXGroup section */
		B04467612656543A00DAD616 = {
			isa = PBXGroup;
			children = (
				B044676C2656543A00DAD616 /* airbnbApp */,
				B04467832656543D00DAD616 /* airbnbAppTests */,
				B044678E2656543D00DAD616 /* airbnbAppUITests */,
				B044676B2656543A00DAD616 /* Products */,
				B04467F7265B74C200DAD616 /* Frameworks */,
			);
			sourceTree = "<group>";
		};
		B044676B2656543A00DAD616 /* Products */ = {
			isa = PBXGroup;
			children = (
				B044676A2656543A00DAD616 /* airbnbApp.app */,
				B04467802656543D00DAD616 /* airbnbAppTests.xctest */,
				B044678B2656543D00DAD616 /* airbnbAppUITests.xctest */,
			);
			name = Products;
			sourceTree = "<group>";
		};
		B044676C2656543A00DAD616 /* airbnbApp */ = {
			isa = PBXGroup;
			children = (
				B04467BA2656658C00DAD616 /* Service */,
				B04467B72656656800DAD616 /* Presenter */,
				B04467B42656652D00DAD616 /* Domain */,
				B044676D2656543A00DAD616 /* AppDelegate.swift */,
				B044676F2656543A00DAD616 /* SceneDelegate.swift */,
				B04467762656543D00DAD616 /* Assets.xcassets */,
				B044677B2656543D00DAD616 /* Info.plist */,
			);
			path = airbnbApp;
			sourceTree = "<group>";
		};
		B04467832656543D00DAD616 /* airbnbAppTests */ = {
			isa = PBXGroup;
			children = (
				B04467842656543D00DAD616 /* airbnbAppTests.swift */,
				B04467862656543D00DAD616 /* Info.plist */,
				B04467F22657B19300DAD616 /* networkTest.swift */,
			);
			path = airbnbAppTests;
			sourceTree = "<group>";
		};
		B044678E2656543D00DAD616 /* airbnbAppUITests */ = {
			isa = PBXGroup;
			children = (
				B044678F2656543D00DAD616 /* airbnbAppUITests.swift */,
				B04467912656543D00DAD616 /* Info.plist */,
			);
			path = airbnbAppUITests;
			sourceTree = "<group>";
		};
		B04467B42656652D00DAD616 /* Domain */ = {
			isa = PBXGroup;
			children = (
				B04467B62656655700DAD616 /* UseCase */,
				B04467B52656654F00DAD616 /* Entity */,
			);
			path = Domain;
			sourceTree = "<group>";
		};
		B04467B52656654F00DAD616 /* Entity */ = {
			isa = PBXGroup;
			children = (
				B0446824265B7C8B00DAD616 /* MainViewSource.swift */,
				B044682E265B7D9D00DAD616 /* ReservationConditions.swift */,
				B0446833265B7EC500DAD616 /* RoomInfo.swift */,
			);
			path = Entity;
			sourceTree = "<group>";
		};
		B04467B62656655700DAD616 /* UseCase */ = {
			isa = PBXGroup;
			children = (
				B0446838265B80BC00DAD616 /* dummy.swift */,
			);
			path = UseCase;
			sourceTree = "<group>";
		};
		B04467B72656656800DAD616 /* Presenter */ = {
			isa = PBXGroup;
			children = (
				B04467B92656657F00DAD616 /* ViewModel */,
				B04467B82656657600DAD616 /* UI */,
			);
			path = Presenter;
			sourceTree = "<group>";
		};
		B04467B82656657600DAD616 /* UI */ = {
			isa = PBXGroup;
			children = (
				B04467BD265665D900DAD616 /* View */,
				B04467BC265665C700DAD616 /* Controller */,
			);
			path = UI;
			sourceTree = "<group>";
		};
		B04467B92656657F00DAD616 /* ViewModel */ = {
			isa = PBXGroup;
			children = (
			);
			path = ViewModel;
			sourceTree = "<group>";
		};
		B04467BA2656658C00DAD616 /* Service */ = {
			isa = PBXGroup;
			children = (
				B04467BB2656659700DAD616 /* Network */,
			);
			path = Service;
			sourceTree = "<group>";
		};
		B04467BB2656659700DAD616 /* Network */ = {
			isa = PBXGroup;
			children = (
				B04467D02657A9E400DAD616 /* EndPoint.swift */,
				B04467D82657AA0800DAD616 /* APIPath.swift */,
				B044683D265CCADE00DAD616 /* NetworkRequester.swift */,
				B0446845265CDE0000DAD616 /* NetworkService.swift */,
			);
			path = Network;
			sourceTree = "<group>";
		};
		B04467BC265665C700DAD616 /* Controller */ = {
			isa = PBXGroup;
			children = (
				B04467712656543A00DAD616 /* ViewController.swift */,
			);
			path = Controller;
			sourceTree = "<group>";
		};
		B04467BD265665D900DAD616 /* View */ = {
			isa = PBXGroup;
			children = (
				B04467782656543D00DAD616 /* LaunchScreen.storyboard */,
				B04467732656543A00DAD616 /* Main.storyboard */,
			);
			path = View;
			sourceTree = "<group>";
		};
		B04467F7265B74C200DAD616 /* Frameworks */ = {
			isa = PBXGroup;
			children = (
			);
			name = Frameworks;
			sourceTree = "<group>";
		};
/* End PBXGroup section */

/* Begin PBXNativeTarget section */
		B04467692656543A00DAD616 /* airbnbApp */ = {
			isa = PBXNativeTarget;
			buildConfigurationList = B04467942656543E00DAD616 /* Build configuration list for PBXNativeTarget "airbnbApp" */;
			buildPhases = (
				B04467662656543A00DAD616 /* Sources */,
				B04467672656543A00DAD616 /* Frameworks */,
				B04467682656543A00DAD616 /* Resources */,
			);
			buildRules = (
			);
			dependencies = (
			);
			name = airbnbApp;
			packageProductDependencies = (
				B04467A12656577900DAD616 /* Alamofire */,
				B0446814265B77A100DAD616 /* RxSwift */,
				B0446818265B77A100DAD616 /* RxRelay */,
				B044681A265B77A100DAD616 /* RxCocoa */,
			);
			productName = airbnbApp;
			productReference = B044676A2656543A00DAD616 /* airbnbApp.app */;
			productType = "com.apple.product-type.application";
		};
		B044677F2656543D00DAD616 /* airbnbAppTests */ = {
			isa = PBXNativeTarget;
			buildConfigurationList = B04467972656543E00DAD616 /* Build configuration list for PBXNativeTarget "airbnbAppTests" */;
			buildPhases = (
				B044677C2656543D00DAD616 /* Sources */,
				B044677D2656543D00DAD616 /* Frameworks */,
				B044677E2656543D00DAD616 /* Resources */,
			);
			buildRules = (
			);
			dependencies = (
				B04467822656543D00DAD616 /* PBXTargetDependency */,
			);
			name = airbnbAppTests;
			productName = airbnbAppTests;
			productReference = B04467802656543D00DAD616 /* airbnbAppTests.xctest */;
			productType = "com.apple.product-type.bundle.unit-test";
		};
		B044678A2656543D00DAD616 /* airbnbAppUITests */ = {
			isa = PBXNativeTarget;
			buildConfigurationList = B044679A2656543E00DAD616 /* Build configuration list for PBXNativeTarget "airbnbAppUITests" */;
			buildPhases = (
				B04467872656543D00DAD616 /* Sources */,
				B04467882656543D00DAD616 /* Frameworks */,
				B04467892656543D00DAD616 /* Resources */,
			);
			buildRules = (
			);
			dependencies = (
				B044678D2656543D00DAD616 /* PBXTargetDependency */,
			);
			name = airbnbAppUITests;
			productName = airbnbAppUITests;
			productReference = B044678B2656543D00DAD616 /* airbnbAppUITests.xctest */;
			productType = "com.apple.product-type.bundle.ui-testing";
		};
/* End PBXNativeTarget section */

/* Begin PBXProject section */
		B04467622656543A00DAD616 /* Project object */ = {
			isa = PBXProject;
			attributes = {
				LastSwiftUpdateCheck = 1240;
				LastUpgradeCheck = 1240;
				TargetAttributes = {
					B04467692656543A00DAD616 = {
						CreatedOnToolsVersion = 12.4;
					};
					B044677F2656543D00DAD616 = {
						CreatedOnToolsVersion = 12.4;
						TestTargetID = B04467692656543A00DAD616;
					};
					B044678A2656543D00DAD616 = {
						CreatedOnToolsVersion = 12.4;
						TestTargetID = B04467692656543A00DAD616;
					};
				};
			};
			buildConfigurationList = B04467652656543A00DAD616 /* Build configuration list for PBXProject "airbnbApp" */;
			compatibilityVersion = "Xcode 9.3";
			developmentRegion = en;
			hasScannedForEncodings = 0;
			knownRegions = (
				en,
				Base,
			);
			mainGroup = B04467612656543A00DAD616;
			packageReferences = (
				B04467A02656577900DAD616 /* XCRemoteSwiftPackageReference "Alamofire" */,
				B0446813265B77A100DAD616 /* XCRemoteSwiftPackageReference "RxSwift" */,
			);
			productRefGroup = B044676B2656543A00DAD616 /* Products */;
			projectDirPath = "";
			projectRoot = "";
			targets = (
				B04467692656543A00DAD616 /* airbnbApp */,
				B044677F2656543D00DAD616 /* airbnbAppTests */,
				B044678A2656543D00DAD616 /* airbnbAppUITests */,
			);
		};
/* End PBXProject section */

/* Begin PBXResourcesBuildPhase section */
		B04467682656543A00DAD616 /* Resources */ = {
			isa = PBXResourcesBuildPhase;
			buildActionMask = 2147483647;
			files = (
				B044677A2656543D00DAD616 /* LaunchScreen.storyboard in Resources */,
				B04467772656543D00DAD616 /* Assets.xcassets in Resources */,
				B04467752656543A00DAD616 /* Main.storyboard in Resources */,
			);
			runOnlyForDeploymentPostprocessing = 0;
		};
		B044677E2656543D00DAD616 /* Resources */ = {
			isa = PBXResourcesBuildPhase;
			buildActionMask = 2147483647;
			files = (
			);
			runOnlyForDeploymentPostprocessing = 0;
		};
		B04467892656543D00DAD616 /* Resources */ = {
			isa = PBXResourcesBuildPhase;
			buildActionMask = 2147483647;
			files = (
			);
			runOnlyForDeploymentPostprocessing = 0;
		};
/* End PBXResourcesBuildPhase section */

/* Begin PBXSourcesBuildPhase section */
		B04467662656543A00DAD616 /* Sources */ = {
			isa = PBXSourcesBuildPhase;
			buildActionMask = 2147483647;
			files = (
				B044683E265CCADF00DAD616 /* NetworkRequester.swift in Sources */,
				B04467D12657A9E400DAD616 /* EndPoint.swift in Sources */,
				B04467D92657AA0800DAD616 /* APIPath.swift in Sources */,
				B044682F265B7D9D00DAD616 /* ReservationConditions.swift in Sources */,
				B04467722656543A00DAD616 /* ViewController.swift in Sources */,
				B044676E2656543A00DAD616 /* AppDelegate.swift in Sources */,
				B04467702656543A00DAD616 /* SceneDelegate.swift in Sources */,
				B0446839265B80BC00DAD616 /* dummy.swift in Sources */,
				B0446834265B7EC500DAD616 /* RoomInfo.swift in Sources */,
				B0446846265CDE0000DAD616 /* NetworkService.swift in Sources */,
				B0446825265B7C8B00DAD616 /* MainViewSource.swift in Sources */,
			);
			runOnlyForDeploymentPostprocessing = 0;
		};
		B044677C2656543D00DAD616 /* Sources */ = {
			isa = PBXSourcesBuildPhase;
			buildActionMask = 2147483647;
			files = (
				B04467F32657B19300DAD616 /* networkTest.swift in Sources */,
				B04467852656543D00DAD616 /* airbnbAppTests.swift in Sources */,
			);
			runOnlyForDeploymentPostprocessing = 0;
		};
		B04467872656543D00DAD616 /* Sources */ = {
			isa = PBXSourcesBuildPhase;
			buildActionMask = 2147483647;
			files = (
				B04467902656543D00DAD616 /* airbnbAppUITests.swift in Sources */,
			);
			runOnlyForDeploymentPostprocessing = 0;
		};
/* End PBXSourcesBuildPhase section */

/* Begin PBXTargetDependency section */
		B04467822656543D00DAD616 /* PBXTargetDependency */ = {
			isa = PBXTargetDependency;
			target = B04467692656543A00DAD616 /* airbnbApp */;
			targetProxy = B04467812656543D00DAD616 /* PBXContainerItemProxy */;
		};
		B044678D2656543D00DAD616 /* PBXTargetDependency */ = {
			isa = PBXTargetDependency;
			target = B04467692656543A00DAD616 /* airbnbApp */;
			targetProxy = B044678C2656543D00DAD616 /* PBXContainerItemProxy */;
		};
/* End PBXTargetDependency section */

/* Begin PBXVariantGroup section */
		B04467732656543A00DAD616 /* Main.storyboard */ = {
			isa = PBXVariantGroup;
			children = (
				B04467742656543A00DAD616 /* Base */,
			);
			name = Main.storyboard;
			sourceTree = "<group>";
		};
		B04467782656543D00DAD616 /* LaunchScreen.storyboard */ = {
			isa = PBXVariantGroup;
			children = (
				B04467792656543D00DAD616 /* Base */,
			);
			name = LaunchScreen.storyboard;
			sourceTree = "<group>";
		};
/* End PBXVariantGroup section */

/* Begin XCBuildConfiguration section */
		B04467922656543D00DAD616 /* Debug */ = {
			isa = XCBuildConfiguration;
			buildSettings = {
				ALWAYS_SEARCH_USER_PATHS = NO;
				CLANG_ANALYZER_NONNULL = YES;
				CLANG_ANALYZER_NUMBER_OBJECT_CONVERSION = YES_AGGRESSIVE;
				CLANG_CXX_LANGUAGE_STANDARD = "gnu++14";
				CLANG_CXX_LIBRARY = "libc++";
				CLANG_ENABLE_MODULES = YES;
				CLANG_ENABLE_OBJC_ARC = YES;
				CLANG_ENABLE_OBJC_WEAK = YES;
				CLANG_WARN_BLOCK_CAPTURE_AUTORELEASING = YES;
				CLANG_WARN_BOOL_CONVERSION = YES;
				CLANG_WARN_COMMA = YES;
				CLANG_WARN_CONSTANT_CONVERSION = YES;
				CLANG_WARN_DEPRECATED_OBJC_IMPLEMENTATIONS = YES;
				CLANG_WARN_DIRECT_OBJC_ISA_USAGE = YES_ERROR;
				CLANG_WARN_DOCUMENTATION_COMMENTS = YES;
				CLANG_WARN_EMPTY_BODY = YES;
				CLANG_WARN_ENUM_CONVERSION = YES;
				CLANG_WARN_INFINITE_RECURSION = YES;
				CLANG_WARN_INT_CONVERSION = YES;
				CLANG_WARN_NON_LITERAL_NULL_CONVERSION = YES;
				CLANG_WARN_OBJC_IMPLICIT_RETAIN_SELF = YES;
				CLANG_WARN_OBJC_LITERAL_CONVERSION = YES;
				CLANG_WARN_OBJC_ROOT_CLASS = YES_ERROR;
				CLANG_WARN_QUOTED_INCLUDE_IN_FRAMEWORK_HEADER = YES;
				CLANG_WARN_RANGE_LOOP_ANALYSIS = YES;
				CLANG_WARN_STRICT_PROTOTYPES = YES;
				CLANG_WARN_SUSPICIOUS_MOVE = YES;
				CLANG_WARN_UNGUARDED_AVAILABILITY = YES_AGGRESSIVE;
				CLANG_WARN_UNREACHABLE_CODE = YES;
				CLANG_WARN__DUPLICATE_METHOD_MATCH = YES;
				COPY_PHASE_STRIP = NO;
				DEBUG_INFORMATION_FORMAT = dwarf;
				ENABLE_STRICT_OBJC_MSGSEND = YES;
				ENABLE_TESTABILITY = YES;
				ENABLE_TESTING_SEARCH_PATHS = YES;
				GCC_C_LANGUAGE_STANDARD = gnu11;
				GCC_DYNAMIC_NO_PIC = NO;
				GCC_NO_COMMON_BLOCKS = YES;
				GCC_OPTIMIZATION_LEVEL = 0;
				GCC_PREPROCESSOR_DEFINITIONS = (
					"DEBUG=1",
					"$(inherited)",
				);
				GCC_WARN_64_TO_32_BIT_CONVERSION = YES;
				GCC_WARN_ABOUT_RETURN_TYPE = YES_ERROR;
				GCC_WARN_UNDECLARED_SELECTOR = YES;
				GCC_WARN_UNINITIALIZED_AUTOS = YES_AGGRESSIVE;
				GCC_WARN_UNUSED_FUNCTION = YES;
				GCC_WARN_UNUSED_VARIABLE = YES;
				IPHONEOS_DEPLOYMENT_TARGET = 14.4;
				MTL_ENABLE_DEBUG_INFO = INCLUDE_SOURCE;
				MTL_FAST_MATH = YES;
				ONLY_ACTIVE_ARCH = YES;
				SDKROOT = iphoneos;
				SWIFT_ACTIVE_COMPILATION_CONDITIONS = DEBUG;
				SWIFT_OPTIMIZATION_LEVEL = "-Onone";
			};
			name = Debug;
		};
		B04467932656543D00DAD616 /* Release */ = {
			isa = XCBuildConfiguration;
			buildSettings = {
				ALWAYS_SEARCH_USER_PATHS = NO;
				CLANG_ANALYZER_NONNULL = YES;
				CLANG_ANALYZER_NUMBER_OBJECT_CONVERSION = YES_AGGRESSIVE;
				CLANG_CXX_LANGUAGE_STANDARD = "gnu++14";
				CLANG_CXX_LIBRARY = "libc++";
				CLANG_ENABLE_MODULES = YES;
				CLANG_ENABLE_OBJC_ARC = YES;
				CLANG_ENABLE_OBJC_WEAK = YES;
				CLANG_WARN_BLOCK_CAPTURE_AUTORELEASING = YES;
				CLANG_WARN_BOOL_CONVERSION = YES;
				CLANG_WARN_COMMA = YES;
				CLANG_WARN_CONSTANT_CONVERSION = YES;
				CLANG_WARN_DEPRECATED_OBJC_IMPLEMENTATIONS = YES;
				CLANG_WARN_DIRECT_OBJC_ISA_USAGE = YES_ERROR;
				CLANG_WARN_DOCUMENTATION_COMMENTS = YES;
				CLANG_WARN_EMPTY_BODY = YES;
				CLANG_WARN_ENUM_CONVERSION = YES;
				CLANG_WARN_INFINITE_RECURSION = YES;
				CLANG_WARN_INT_CONVERSION = YES;
				CLANG_WARN_NON_LITERAL_NULL_CONVERSION = YES;
				CLANG_WARN_OBJC_IMPLICIT_RETAIN_SELF = YES;
				CLANG_WARN_OBJC_LITERAL_CONVERSION = YES;
				CLANG_WARN_OBJC_ROOT_CLASS = YES_ERROR;
				CLANG_WARN_QUOTED_INCLUDE_IN_FRAMEWORK_HEADER = YES;
				CLANG_WARN_RANGE_LOOP_ANALYSIS = YES;
				CLANG_WARN_STRICT_PROTOTYPES = YES;
				CLANG_WARN_SUSPICIOUS_MOVE = YES;
				CLANG_WARN_UNGUARDED_AVAILABILITY = YES_AGGRESSIVE;
				CLANG_WARN_UNREACHABLE_CODE = YES;
				CLANG_WARN__DUPLICATE_METHOD_MATCH = YES;
				COPY_PHASE_STRIP = NO;
				DEBUG_INFORMATION_FORMAT = "dwarf-with-dsym";
				ENABLE_NS_ASSERTIONS = NO;
				ENABLE_STRICT_OBJC_MSGSEND = YES;
				ENABLE_TESTING_SEARCH_PATHS = YES;
				GCC_C_LANGUAGE_STANDARD = gnu11;
				GCC_NO_COMMON_BLOCKS = YES;
				GCC_WARN_64_TO_32_BIT_CONVERSION = YES;
				GCC_WARN_ABOUT_RETURN_TYPE = YES_ERROR;
				GCC_WARN_UNDECLARED_SELECTOR = YES;
				GCC_WARN_UNINITIALIZED_AUTOS = YES_AGGRESSIVE;
				GCC_WARN_UNUSED_FUNCTION = YES;
				GCC_WARN_UNUSED_VARIABLE = YES;
				IPHONEOS_DEPLOYMENT_TARGET = 14.4;
				MTL_ENABLE_DEBUG_INFO = NO;
				MTL_FAST_MATH = YES;
				SDKROOT = iphoneos;
				SWIFT_COMPILATION_MODE = wholemodule;
				SWIFT_OPTIMIZATION_LEVEL = "-O";
				VALIDATE_PRODUCT = YES;
			};
			name = Release;
		};
		B04467952656543E00DAD616 /* Debug */ = {
			isa = XCBuildConfiguration;
			buildSettings = {
				ASSETCATALOG_COMPILER_APPICON_NAME = AppIcon;
				ASSETCATALOG_COMPILER_GLOBAL_ACCENT_COLOR_NAME = AccentColor;
				CODE_SIGN_STYLE = Automatic;
				DEVELOPMENT_TEAM = PSH4C5839A;
				INFOPLIST_FILE = airbnbApp/Info.plist;
				LD_RUNPATH_SEARCH_PATHS = (
					"$(inherited)",
					"@executable_path/Frameworks",
				);
				PRODUCT_BUNDLE_IDENTIFIER = "com.Dahun-Lee.airbnbApp";
				PRODUCT_NAME = "$(TARGET_NAME)";
				SWIFT_VERSION = 5.0;
				TARGETED_DEVICE_FAMILY = "1,2";
			};
			name = Debug;
		};
		B04467962656543E00DAD616 /* Release */ = {
			isa = XCBuildConfiguration;
			buildSettings = {
				ASSETCATALOG_COMPILER_APPICON_NAME = AppIcon;
				ASSETCATALOG_COMPILER_GLOBAL_ACCENT_COLOR_NAME = AccentColor;
				CODE_SIGN_STYLE = Automatic;
				DEVELOPMENT_TEAM = PSH4C5839A;
				INFOPLIST_FILE = airbnbApp/Info.plist;
				LD_RUNPATH_SEARCH_PATHS = (
					"$(inherited)",
					"@executable_path/Frameworks",
				);
				PRODUCT_BUNDLE_IDENTIFIER = "com.Dahun-Lee.airbnbApp";
				PRODUCT_NAME = "$(TARGET_NAME)";
				SWIFT_VERSION = 5.0;
				TARGETED_DEVICE_FAMILY = "1,2";
			};
			name = Release;
		};
		B04467982656543E00DAD616 /* Debug */ = {
			isa = XCBuildConfiguration;
			buildSettings = {
				ALWAYS_EMBED_SWIFT_STANDARD_LIBRARIES = YES;
				BUNDLE_LOADER = "$(TEST_HOST)";
				CODE_SIGN_STYLE = Automatic;
				DEVELOPMENT_TEAM = PSH4C5839A;
				INFOPLIST_FILE = airbnbAppTests/Info.plist;
				IPHONEOS_DEPLOYMENT_TARGET = 14.4;
				LD_RUNPATH_SEARCH_PATHS = (
					"$(inherited)",
					"@executable_path/Frameworks",
					"@loader_path/Frameworks",
				);
				PRODUCT_BUNDLE_IDENTIFIER = "com.Dahun-Lee.airbnbAppTests";
				PRODUCT_NAME = "$(TARGET_NAME)";
				SWIFT_VERSION = 5.0;
				TARGETED_DEVICE_FAMILY = "1,2";
				TEST_HOST = "$(BUILT_PRODUCTS_DIR)/airbnbApp.app/airbnbApp";
			};
			name = Debug;
		};
		B04467992656543E00DAD616 /* Release */ = {
			isa = XCBuildConfiguration;
			buildSettings = {
				ALWAYS_EMBED_SWIFT_STANDARD_LIBRARIES = YES;
				BUNDLE_LOADER = "$(TEST_HOST)";
				CODE_SIGN_STYLE = Automatic;
				DEVELOPMENT_TEAM = PSH4C5839A;
				INFOPLIST_FILE = airbnbAppTests/Info.plist;
				IPHONEOS_DEPLOYMENT_TARGET = 14.4;
				LD_RUNPATH_SEARCH_PATHS = (
					"$(inherited)",
					"@executable_path/Frameworks",
					"@loader_path/Frameworks",
				);
				PRODUCT_BUNDLE_IDENTIFIER = "com.Dahun-Lee.airbnbAppTests";
				PRODUCT_NAME = "$(TARGET_NAME)";
				SWIFT_VERSION = 5.0;
				TARGETED_DEVICE_FAMILY = "1,2";
				TEST_HOST = "$(BUILT_PRODUCTS_DIR)/airbnbApp.app/airbnbApp";
			};
			name = Release;
		};
		B044679B2656543E00DAD616 /* Debug */ = {
			isa = XCBuildConfiguration;
			buildSettings = {
				ALWAYS_EMBED_SWIFT_STANDARD_LIBRARIES = YES;
				CODE_SIGN_STYLE = Automatic;
				DEVELOPMENT_TEAM = PSH4C5839A;
				INFOPLIST_FILE = airbnbAppUITests/Info.plist;
				LD_RUNPATH_SEARCH_PATHS = (
					"$(inherited)",
					"@executable_path/Frameworks",
					"@loader_path/Frameworks",
				);
				PRODUCT_BUNDLE_IDENTIFIER = "com.Dahun-Lee.airbnbAppUITests";
				PRODUCT_NAME = "$(TARGET_NAME)";
				SWIFT_VERSION = 5.0;
				TARGETED_DEVICE_FAMILY = "1,2";
				TEST_TARGET_NAME = airbnbApp;
			};
			name = Debug;
		};
		B044679C2656543E00DAD616 /* Release */ = {
			isa = XCBuildConfiguration;
			buildSettings = {
				ALWAYS_EMBED_SWIFT_STANDARD_LIBRARIES = YES;
				CODE_SIGN_STYLE = Automatic;
				DEVELOPMENT_TEAM = PSH4C5839A;
				INFOPLIST_FILE = airbnbAppUITests/Info.plist;
				LD_RUNPATH_SEARCH_PATHS = (
					"$(inherited)",
					"@executable_path/Frameworks",
					"@loader_path/Frameworks",
				);
				PRODUCT_BUNDLE_IDENTIFIER = "com.Dahun-Lee.airbnbAppUITests";
				PRODUCT_NAME = "$(TARGET_NAME)";
				SWIFT_VERSION = 5.0;
				TARGETED_DEVICE_FAMILY = "1,2";
				TEST_TARGET_NAME = airbnbApp;
			};
			name = Release;
		};
/* End XCBuildConfiguration section */

/* Begin XCConfigurationList section */
		B04467652656543A00DAD616 /* Build configuration list for PBXProject "airbnbApp" */ = {
			isa = XCConfigurationList;
			buildConfigurations = (
				B04467922656543D00DAD616 /* Debug */,
				B04467932656543D00DAD616 /* Release */,
			);
			defaultConfigurationIsVisible = 0;
			defaultConfigurationName = Release;
		};
		B04467942656543E00DAD616 /* Build configuration list for PBXNativeTarget "airbnbApp" */ = {
			isa = XCConfigurationList;
			buildConfigurations = (
				B04467952656543E00DAD616 /* Debug */,
				B04467962656543E00DAD616 /* Release */,
			);
			defaultConfigurationIsVisible = 0;
			defaultConfigurationName = Release;
		};
		B04467972656543E00DAD616 /* Build configuration list for PBXNativeTarget "airbnbAppTests" */ = {
			isa = XCConfigurationList;
			buildConfigurations = (
				B04467982656543E00DAD616 /* Debug */,
				B04467992656543E00DAD616 /* Release */,
			);
			defaultConfigurationIsVisible = 0;
			defaultConfigurationName = Release;
		};
		B044679A2656543E00DAD616 /* Build configuration list for PBXNativeTarget "airbnbAppUITests" */ = {
			isa = XCConfigurationList;
			buildConfigurations = (
				B044679B2656543E00DAD616 /* Debug */,
				B044679C2656543E00DAD616 /* Release */,
			);
			defaultConfigurationIsVisible = 0;
			defaultConfigurationName = Release;
		};
/* End XCConfigurationList section */

/* Begin XCRemoteSwiftPackageReference section */
		B04467A02656577900DAD616 /* XCRemoteSwiftPackageReference "Alamofire" */ = {
			isa = XCRemoteSwiftPackageReference;
			repositoryURL = "https://github.com/Alamofire/Alamofire";
			requirement = {
				kind = upToNextMajorVersion;
				minimumVersion = 5.4.3;
			};
		};
		B0446813265B77A100DAD616 /* XCRemoteSwiftPackageReference "RxSwift" */ = {
			isa = XCRemoteSwiftPackageReference;
			repositoryURL = "https://github.com/ReactiveX/RxSwift";
			requirement = {
				kind = upToNextMajorVersion;
				minimumVersion = 6.2.0;
			};
		};
/* End XCRemoteSwiftPackageReference section */

/* Begin XCSwiftPackageProductDependency section */
		B04467A12656577900DAD616 /* Alamofire */ = {
			isa = XCSwiftPackageProductDependency;
			package = B04467A02656577900DAD616 /* XCRemoteSwiftPackageReference "Alamofire" */;
			productName = Alamofire;
		};
		B0446814265B77A100DAD616 /* RxSwift */ = {
			isa = XCSwiftPackageProductDependency;
			package = B0446813265B77A100DAD616 /* XCRemoteSwiftPackageReference "RxSwift" */;
			productName = RxSwift;
		};
		B0446818265B77A100DAD616 /* RxRelay */ = {
			isa = XCSwiftPackageProductDependency;
			package = B0446813265B77A100DAD616 /* XCRemoteSwiftPackageReference "RxSwift" */;
			productName = RxRelay;
		};
		B044681A265B77A100DAD616 /* RxCocoa */ = {
			isa = XCSwiftPackageProductDependency;
			package = B0446813265B77A100DAD616 /* XCRemoteSwiftPackageReference "RxSwift" */;
			productName = RxCocoa;
		};
/* End XCSwiftPackageProductDependency section */
	};
	rootObject = B04467622656543A00DAD616 /* Project object */;
}
